
Microsoft Visual Studio Solution File, Format Version 12.00
# Visual Studio Version 17
VisualStudioVersion = 17.11.35303.130
MinimumVisualStudioVersion = 10.0.40219.1
Project("{F184B08F-C81C-45F6-A57F-5ABD9991F28F}") = "Capstone", "Capstone\Capstone.vbproj", "{CABD45AD-A3F9-46B8-A070-2390FBA16008}"
EndProject
Global
	GlobalSection(SolutionConfigurationPlatforms) = preSolution
		Debug|Any CPU = Debug|Any CPU
		Release|Any CPU = Release|Any CPU
	EndGlobalSection
	GlobalSection(ProjectConfigurationPlatforms) = postSolution
		{CABD45AD-A3F9-46B8-A070-2390FBA16008}.Debug|Any CPU.ActiveCfg = Debug|Any CPU
		{CABD45AD-A3F9-46B8-A070-2390FBA16008}.Debug|Any CPU.Build.0 = Debug|Any CPU
		{CABD45AD-A3F9-46B8-A070-2390FBA16008}.Release|Any CPU.ActiveCfg = Release|Any CPU
		{CABD45AD-A3F9-46B8-A070-2390FBA16008}.Release|Any CPU.Build.0 = Release|Any CPU
	EndGlobalSection
	GlobalSection(SolutionProperties) = preSolution
		HideSolutionNode = FALSE
	EndGlobalSection
	GlobalSection(ExtensibilityGlobals) = postSolution
		SolutionGuid = {98606473-02E5-44F0-BBF1-6FBAA68A5175}
	EndGlobalSection
EndGlobal
